<?xml version="1.0" encoding="utf-8"?>
<Project ToolsVersion="4.0" xmlns="http://schemas.microsoft.com/developer/msbuild/2003">
  <ItemGroup>
    <Filter Include="Base">
      <UniqueIdentifier>{d92d5e53-fb92-4e83-a025-ad839b42187a}</UniqueIdentifier>
    </Filter>
    <Filter Include="Controls">
      <UniqueIdentifier>{6910e091-690a-4888-8916-786180c6577c}</UniqueIdentifier>
    </Filter>
  </ItemGroup>
  <ItemGroup>
    <ClCompile Include="Controls\Button.cpp">
      <Filter>Controls</Filter>
    </ClCompile>
    <ClCompile Include="Controls\Control.cpp">
      <Filter>Controls</Filter>
    </ClCompile>
    <ClCompile Include="Controls\Edit.cpp">
      <Filter>Controls</Filter>
    </ClCompile>
    <ClCompile Include="Controls\Progress.cpp">
      <Filter>Controls</Filter>
    </ClCompile>
    <ClCompile Include="Base\Serialize.cpp">
      <Filter>Base</Filter>
    </ClCompile>
    <ClCompile Include="Base\Thread.cpp">
      <Filter>Base</Filter>
    </ClCompile>
    <ClCompile Include="Base\Description.cpp">
      <Filter>Base</Filter>
    </ClCompile>
    <ClCompile Include="main.cpp" />
    <ClCompile Include="Base\Value.cpp">
      <Filter>Base</Filter>
    </ClCompile>
    <ClCompile Include="Base\Property.cpp">
      <Filter>Base</Filter>
    </ClCompile>
    <ClCompile Include="Base\Object.cpp">
      <Filter>Base</Filter>
    </ClCompile>
  </ItemGroup>
  <ItemGroup>
    <ClInclude Include="dbg_new.h" />
    <ClInclude Include="Base\Property.hpp" />
  </ItemGroup>
  <ItemGroup>
    <None Include="MainPage.md" />
  </ItemGroup>
</Project>